// !$*UTF8*$!
{
	archiveVersion = 1;
	classes = {
	};
	objectVersion = 46;
	objects = {

/* Begin PBXBuildFile section */
		CE235FA0207DBA0600AF3203 /* PCIAudioDevice.hpp in Headers */ = {isa = PBXBuildFile; fileRef = CE235F9F207DBA0600AF3203 /* PCIAudioDevice.hpp */; };
		CE235FA2207DBA0600AF3203 /* PCIAudioDevice.cpp in Sources */ = {isa = PBXBuildFile; fileRef = CE235FA1207DBA0600AF3203 /* PCIAudioDevice.cpp */; };
		CE44242B207FF78500158F35 /* ak4396.h in Headers */ = {isa = PBXBuildFile; fileRef = CE442427207FF78500158F35 /* ak4396.h */; };
		CE44242C207FF78500158F35 /* oxygen_regs.h in Headers */ = {isa = PBXBuildFile; fileRef = CE442428207FF78500158F35 /* oxygen_regs.h */; };
		CE44242E207FF78500158F35 /* wm8785.h in Headers */ = {isa = PBXBuildFile; fileRef = CE44242A207FF78500158F35 /* wm8785.h */; };
		CE44242F207FF99000158F35 /* XonarAudioEngine.cpp in Sources */ = {isa = PBXBuildFile; fileRef = CE442425207FDBE100158F35 /* XonarAudioEngine.cpp */; };
		CE442430207FF99200158F35 /* XonarAudioEngine.hpp in Headers */ = {isa = PBXBuildFile; fileRef = CE442426207FDBE100158F35 /* XonarAudioEngine.hpp */; };
		CE5601B2208ECB6E001A5D0D /* XonarGenericAudioEngine.cpp in Sources */ = {isa = PBXBuildFile; fileRef = CE5601B0208ECB6E001A5D0D /* XonarGenericAudioEngine.cpp */; };
		CE5601B3208ECB6E001A5D0D /* XonarGenericAudioEngine.hpp in Headers */ = {isa = PBXBuildFile; fileRef = CE5601B1208ECB6E001A5D0D /* XonarGenericAudioEngine.hpp */; };
		CEACF3E120806D6D00D01190 /* ac97.h in Headers */ = {isa = PBXBuildFile; fileRef = CEACF3E020806D6D00D01190 /* ac97.h */; };
		CEACF3E5208074C200D01190 /* cm9780.h in Headers */ = {isa = PBXBuildFile; fileRef = CEACF3E4208074C200D01190 /* cm9780.h */; };
		CEACF3EC2081216300D01190 /* pcm1796.h in Headers */ = {isa = PBXBuildFile; fileRef = CEACF3E62081216300D01190 /* pcm1796.h */; };
		CEACF3F32081219A00D01190 /* cs2000.h in Headers */ = {isa = PBXBuildFile; fileRef = CEACF3F22081219A00D01190 /* cs2000.h */; };
		CEACF3FC20829E4F00D01190 /* XonarSTAudioEngine.cpp in Sources */ = {isa = PBXBuildFile; fileRef = CEACF3FA20829E4F00D01190 /* XonarSTAudioEngine.cpp */; };
		CEACF3FF2082A09600D01190 /* XonarSTAudioEngine.hpp in Headers */ = {isa = PBXBuildFile; fileRef = CEACF3FE2082A09600D01190 /* XonarSTAudioEngine.hpp */; };
		CEACF4052082F65E00D01190 /* XonarHDAVAudioEngine.hpp in Headers */ = {isa = PBXBuildFile; fileRef = CEACF4042082F65E00D01190 /* XonarHDAVAudioEngine.hpp */; };
		CEACF4072082F67D00D01190 /* XonarHDAVAudioEngine.cpp in Sources */ = {isa = PBXBuildFile; fileRef = CEACF4062082F67D00D01190 /* XonarHDAVAudioEngine.cpp */; };
		CEACF40D2083177100D01190 /* XonarD2XAudioEngine.cpp in Sources */ = {isa = PBXBuildFile; fileRef = CEACF40C2083177100D01190 /* XonarD2XAudioEngine.cpp */; };
		CEACF40F208317AC00D01190 /* XonarD2XAudioEngine.hpp in Headers */ = {isa = PBXBuildFile; fileRef = CEACF40E208317AC00D01190 /* XonarD2XAudioEngine.hpp */; };
		CEBCDDBE208FC6F70036FE29 /* XonarCS43XXAudioEngine.cpp in Sources */ = {isa = PBXBuildFile; fileRef = CEBCDDBD208FC6F70036FE29 /* XonarCS43XXAudioEngine.cpp */; };
		CEBCDDC0208FC7220036FE29 /* XonarCS43XXAudioEngine.hpp in Headers */ = {isa = PBXBuildFile; fileRef = CEBCDDBF208FC7220036FE29 /* XonarCS43XXAudioEngine.hpp */; };
		CEBCDDC4208FE0540036FE29 /* XonarWM87x6AudioEngine.cpp in Sources */ = {isa = PBXBuildFile; fileRef = CEBCDDC3208FE0540036FE29 /* XonarWM87x6AudioEngine.cpp */; };
		CEBCDDC6208FE0BD0036FE29 /* XonarWM87x6AudioEngine.hpp in Headers */ = {isa = PBXBuildFile; fileRef = CEBCDDC5208FE0BD0036FE29 /* XonarWM87x6AudioEngine.hpp */; };
/* End PBXBuildFile section */

/* Begin PBXFileReference section */
		CE235F9C207DBA0600AF3203 /* PCIAudioDriver.kext */ = {isa = PBXFileReference; explicitFileType = wrapper.cfbundle; includeInIndex = 0; path = PCIAudioDriver.kext; sourceTree = BUILT_PRODUCTS_DIR; };
		CE235F9F207DBA0600AF3203 /* PCIAudioDevice.hpp */ = {isa = PBXFileReference; lastKnownFileType = sourcecode.cpp.h; lineEnding = 0; path = PCIAudioDevice.hpp; sourceTree = "<group>"; xcLanguageSpecificationIdentifier = xcode.lang.cpp; };
		CE235FA1207DBA0600AF3203 /* PCIAudioDevice.cpp */ = {isa = PBXFileReference; lastKnownFileType = sourcecode.cpp.cpp; lineEnding = 0; path = PCIAudioDevice.cpp; sourceTree = "<group>"; xcLanguageSpecificationIdentifier = xcode.lang.cpp; };
		CE235FA3207DBA0600AF3203 /* Info.plist */ = {isa = PBXFileReference; lastKnownFileType = text.plist.xml; path = Info.plist; sourceTree = "<group>"; };
		CE442425207FDBE100158F35 /* XonarAudioEngine.cpp */ = {isa = PBXFileReference; lastKnownFileType = sourcecode.cpp.cpp; lineEnding = 0; path = XonarAudioEngine.cpp; sourceTree = "<group>"; xcLanguageSpecificationIdentifier = xcode.lang.cpp; };
		CE442426207FDBE100158F35 /* XonarAudioEngine.hpp */ = {isa = PBXFileReference; lastKnownFileType = sourcecode.cpp.h; path = XonarAudioEngine.hpp; sourceTree = "<group>"; };
		CE442427207FF78500158F35 /* ak4396.h */ = {isa = PBXFileReference; fileEncoding = 4; lastKnownFileType = sourcecode.c.h; path = ak4396.h; sourceTree = "<group>"; };
		CE442428207FF78500158F35 /* oxygen_regs.h */ = {isa = PBXFileReference; fileEncoding = 4; lastKnownFileType = sourcecode.c.h; path = oxygen_regs.h; sourceTree = "<group>"; };
		CE44242A207FF78500158F35 /* wm8785.h */ = {isa = PBXFileReference; fileEncoding = 4; lastKnownFileType = sourcecode.c.h; path = wm8785.h; sourceTree = "<group>"; };
		CE4CF3A52444EB620052BB17 /* README.md */ = {isa = PBXFileReference; lastKnownFileType = net.daringfireball.markdown; path = README.md; sourceTree = "<group>"; };
		CE4CF3A72444ED510052BB17 /* card_driver.png */ = {isa = PBXFileReference; lastKnownFileType = image.png; path = card_driver.png; sourceTree = "<group>"; };
		CE5601AA208EB7CA001A5D0D /* hexdumpfn.c */ = {isa = PBXFileReference; fileEncoding = 4; lastKnownFileType = sourcecode.c.c; path = hexdumpfn.c; sourceTree = "<group>"; };
		CE5601B0208ECB6E001A5D0D /* XonarGenericAudioEngine.cpp */ = {isa = PBXFileReference; fileEncoding = 4; lastKnownFileType = sourcecode.cpp.cpp; path = XonarGenericAudioEngine.cpp; sourceTree = "<group>"; };
		CE5601B1208ECB6E001A5D0D /* XonarGenericAudioEngine.hpp */ = {isa = PBXFileReference; fileEncoding = 4; lastKnownFileType = sourcecode.cpp.h; path = XonarGenericAudioEngine.hpp; sourceTree = "<group>"; };
		CEACF3E020806D6D00D01190 /* ac97.h */ = {isa = PBXFileReference; fileEncoding = 4; lastKnownFileType = sourcecode.c.h; path = ac97.h; sourceTree = "<group>"; };
		CEACF3E4208074C200D01190 /* cm9780.h */ = {isa = PBXFileReference; fileEncoding = 4; lastKnownFileType = sourcecode.c.h; path = cm9780.h; sourceTree = "<group>"; };
		CEACF3E62081216300D01190 /* pcm1796.h */ = {isa = PBXFileReference; fileEncoding = 4; lastKnownFileType = sourcecode.c.h; path = pcm1796.h; sourceTree = "<group>"; };
		CEACF3F22081219A00D01190 /* cs2000.h */ = {isa = PBXFileReference; fileEncoding = 4; lastKnownFileType = sourcecode.c.h; path = cs2000.h; sourceTree = "<group>"; };
		CEACF3FA20829E4F00D01190 /* XonarSTAudioEngine.cpp */ = {isa = PBXFileReference; fileEncoding = 4; lastKnownFileType = sourcecode.cpp.cpp; path = XonarSTAudioEngine.cpp; sourceTree = "<group>"; };
		CEACF3FE2082A09600D01190 /* XonarSTAudioEngine.hpp */ = {isa = PBXFileReference; fileEncoding = 4; lastKnownFileType = sourcecode.cpp.h; path = XonarSTAudioEngine.hpp; sourceTree = "<group>"; };
		CEACF4042082F65E00D01190 /* XonarHDAVAudioEngine.hpp */ = {isa = PBXFileReference; fileEncoding = 4; lastKnownFileType = sourcecode.cpp.h; path = XonarHDAVAudioEngine.hpp; sourceTree = "<group>"; };
		CEACF4062082F67D00D01190 /* XonarHDAVAudioEngine.cpp */ = {isa = PBXFileReference; fileEncoding = 4; lastKnownFileType = sourcecode.cpp.cpp; path = XonarHDAVAudioEngine.cpp; sourceTree = "<group>"; };
		CEACF40C2083177100D01190 /* XonarD2XAudioEngine.cpp */ = {isa = PBXFileReference; fileEncoding = 4; lastKnownFileType = sourcecode.cpp.cpp; path = XonarD2XAudioEngine.cpp; sourceTree = "<group>"; };
		CEACF40E208317AC00D01190 /* XonarD2XAudioEngine.hpp */ = {isa = PBXFileReference; fileEncoding = 4; lastKnownFileType = sourcecode.cpp.h; path = XonarD2XAudioEngine.hpp; sourceTree = "<group>"; };
		CEBCDDBD208FC6F70036FE29 /* XonarCS43XXAudioEngine.cpp */ = {isa = PBXFileReference; fileEncoding = 4; lastKnownFileType = sourcecode.cpp.cpp; lineEnding = 0; path = XonarCS43XXAudioEngine.cpp; sourceTree = "<group>"; xcLanguageSpecificationIdentifier = xcode.lang.cpp; };
		CEBCDDBF208FC7220036FE29 /* XonarCS43XXAudioEngine.hpp */ = {isa = PBXFileReference; fileEncoding = 4; lastKnownFileType = sourcecode.cpp.h; path = XonarCS43XXAudioEngine.hpp; sourceTree = "<group>"; };
		CEBCDDC1208FC7F70036FE29 /* cs4398.h */ = {isa = PBXFileReference; lastKnownFileType = sourcecode.c.h; path = cs4398.h; sourceTree = "<group>"; };
		CEBCDDC2208FC83F0036FE29 /* cs4362a.h */ = {isa = PBXFileReference; lastKnownFileType = sourcecode.c.h; path = cs4362a.h; sourceTree = "<group>"; };
		CEBCDDC3208FE0540036FE29 /* XonarWM87x6AudioEngine.cpp */ = {isa = PBXFileReference; fileEncoding = 4; lastKnownFileType = sourcecode.cpp.cpp; path = XonarWM87x6AudioEngine.cpp; sourceTree = "<group>"; };
		CEBCDDC5208FE0BD0036FE29 /* XonarWM87x6AudioEngine.hpp */ = {isa = PBXFileReference; fileEncoding = 4; lastKnownFileType = sourcecode.cpp.h; path = XonarWM87x6AudioEngine.hpp; sourceTree = "<group>"; };
		CEBCDDC7208FE3590036FE29 /* wm8776.h */ = {isa = PBXFileReference; lastKnownFileType = sourcecode.c.h; path = wm8776.h; sourceTree = "<group>"; };
		CEBCDDC8208FE3850036FE29 /* wm8766.h */ = {isa = PBXFileReference; lastKnownFileType = sourcecode.c.h; path = wm8766.h; sourceTree = "<group>"; };
/* End PBXFileReference section */

/* Begin PBXFrameworksBuildPhase section */
		CE235F98207DBA0600AF3203 /* Frameworks */ = {
			isa = PBXFrameworksBuildPhase;
			buildActionMask = 2147483647;
			files = (
			);
			runOnlyForDeploymentPostprocessing = 0;
		};
/* End PBXFrameworksBuildPhase section */

/* Begin PBXGroup section */
		CE235F92207DBA0600AF3203 = {
			isa = PBXGroup;
			children = (
				CE235F9E207DBA0600AF3203 /* PCIAudioDriver */,
				CE235F9D207DBA0600AF3203 /* Products */,
				CE4CF3A52444EB620052BB17 /* README.md */,
				CE4CF3A72444ED510052BB17 /* card_driver.png */,
			);
			sourceTree = "<group>";
		};
		CE235F9D207DBA0600AF3203 /* Products */ = {
			isa = PBXGroup;
			children = (
				CE235F9C207DBA0600AF3203 /* PCIAudioDriver.kext */,
			);
			name = Products;
			sourceTree = "<group>";
		};
		CE235F9E207DBA0600AF3203 /* PCIAudioDriver */ = {
			isa = PBXGroup;
			children = (
				CEACF3E020806D6D00D01190 /* ac97.h */,
				CE442427207FF78500158F35 /* ak4396.h */,
				CEACF3E4208074C200D01190 /* cm9780.h */,
				CEACF3F22081219A00D01190 /* cs2000.h */,
				CEBCDDC2208FC83F0036FE29 /* cs4362a.h */,
				CEBCDDC1208FC7F70036FE29 /* cs4398.h */,
				CE442428207FF78500158F35 /* oxygen_regs.h */,
				CEACF3E62081216300D01190 /* pcm1796.h */,
				CEBCDDC8208FE3850036FE29 /* wm8766.h */,
				CEBCDDC7208FE3590036FE29 /* wm8776.h */,
				CE44242A207FF78500158F35 /* wm8785.h */,
				CE5601AA208EB7CA001A5D0D /* hexdumpfn.c */,
				CEACF4062082F67D00D01190 /* XonarHDAVAudioEngine.cpp */,
				CEACF4042082F65E00D01190 /* XonarHDAVAudioEngine.hpp */,
				CE442426207FDBE100158F35 /* XonarAudioEngine.hpp */,
				CE442425207FDBE100158F35 /* XonarAudioEngine.cpp */,
				CE5601B0208ECB6E001A5D0D /* XonarGenericAudioEngine.cpp */,
				CE5601B1208ECB6E001A5D0D /* XonarGenericAudioEngine.hpp */,
				CEBCDDBD208FC6F70036FE29 /* XonarCS43XXAudioEngine.cpp */,
				CEBCDDBF208FC7220036FE29 /* XonarCS43XXAudioEngine.hpp */,
				CEBCDDC3208FE0540036FE29 /* XonarWM87x6AudioEngine.cpp */,
				CEBCDDC5208FE0BD0036FE29 /* XonarWM87x6AudioEngine.hpp */,
				CEACF3FA20829E4F00D01190 /* XonarSTAudioEngine.cpp */,
				CEACF3FE2082A09600D01190 /* XonarSTAudioEngine.hpp */,
				CEACF40C2083177100D01190 /* XonarD2XAudioEngine.cpp */,
				CEACF40E208317AC00D01190 /* XonarD2XAudioEngine.hpp */,
				CE235F9F207DBA0600AF3203 /* PCIAudioDevice.hpp */,
				CE235FA1207DBA0600AF3203 /* PCIAudioDevice.cpp */,
				CE235FA3207DBA0600AF3203 /* Info.plist */,
			);
			name = PCIAudioDriver;
			path = CMI8788;
			sourceTree = "<group>";
		};
/* End PBXGroup section */

/* Begin PBXHeadersBuildPhase section */
		CE235F99207DBA0600AF3203 /* Headers */ = {
			isa = PBXHeadersBuildPhase;
			buildActionMask = 2147483647;
			files = (
				CEACF3E120806D6D00D01190 /* ac97.h in Headers */,
				CE44242E207FF78500158F35 /* wm8785.h in Headers */,
				CEBCDDC6208FE0BD0036FE29 /* XonarWM87x6AudioEngine.hpp in Headers */,
				CEACF3FF2082A09600D01190 /* XonarSTAudioEngine.hpp in Headers */,
				CEACF3F32081219A00D01190 /* cs2000.h in Headers */,
				CE442430207FF99200158F35 /* XonarAudioEngine.hpp in Headers */,
				CE44242B207FF78500158F35 /* ak4396.h in Headers */,
				CE235FA0207DBA0600AF3203 /* PCIAudioDevice.hpp in Headers */,
				CEACF40F208317AC00D01190 /* XonarD2XAudioEngine.hpp in Headers */,
				CE44242C207FF78500158F35 /* oxygen_regs.h in Headers */,
				CEBCDDC0208FC7220036FE29 /* XonarCS43XXAudioEngine.hpp in Headers */,
				CE5601B3208ECB6E001A5D0D /* XonarGenericAudioEngine.hpp in Headers */,
				CEACF3EC2081216300D01190 /* pcm1796.h in Headers */,
				CEACF3E5208074C200D01190 /* cm9780.h in Headers */,
				CEACF4052082F65E00D01190 /* XonarHDAVAudioEngine.hpp in Headers */,
			);
			runOnlyForDeploymentPostprocessing = 0;
		};
/* End PBXHeadersBuildPhase section */

/* Begin PBXNativeTarget section */
		CE235F9B207DBA0600AF3203 /* PCIAudioDriver */ = {
			isa = PBXNativeTarget;
			buildConfigurationList = CE235FA6207DBA0600AF3203 /* Build configuration list for PBXNativeTarget "PCIAudioDriver" */;
			buildPhases = (
				CE235F97207DBA0600AF3203 /* Sources */,
				CE235F98207DBA0600AF3203 /* Frameworks */,
				CE235F99207DBA0600AF3203 /* Headers */,
				CE235F9A207DBA0600AF3203 /* Resources */,
			);
			buildRules = (
			);
			dependencies = (
			);
			name = PCIAudioDriver;
			productName = CMI8788;
			productReference = CE235F9C207DBA0600AF3203 /* PCIAudioDriver.kext */;
			productType = "com.apple.product-type.kernel-extension";
		};
/* End PBXNativeTarget section */

/* Begin PBXProject section */
		CE235F93207DBA0600AF3203 /* Project object */ = {
			isa = PBXProject;
			attributes = {
				LastUpgradeCheck = 1030;
				ORGANIZATIONNAME = CMedia;
				TargetAttributes = {
					CE235F9B207DBA0600AF3203 = {
						CreatedOnToolsVersion = 7.2.1;
						DevelopmentTeam = 7C2JP6CU5D;
					};
				};
			};
			buildConfigurationList = CE235F96207DBA0600AF3203 /* Build configuration list for PBXProject "PCIAudioDriver" */;
			compatibilityVersion = "Xcode 3.2";
			developmentRegion = en;
			hasScannedForEncodings = 0;
			knownRegions = (
				en,
				Base,
			);
			mainGroup = CE235F92207DBA0600AF3203;
			productRefGroup = CE235F9D207DBA0600AF3203 /* Products */;
			projectDirPath = "";
			projectRoot = "";
			targets = (
				CE235F9B207DBA0600AF3203 /* PCIAudioDriver */,
			);
		};
/* End PBXProject section */

/* Begin PBXResourcesBuildPhase section */
		CE235F9A207DBA0600AF3203 /* Resources */ = {
			isa = PBXResourcesBuildPhase;
			buildActionMask = 2147483647;
			files = (
			);
			runOnlyForDeploymentPostprocessing = 0;
		};
/* End PBXResourcesBuildPhase section */

/* Begin PBXSourcesBuildPhase section */
		CE235F97207DBA0600AF3203 /* Sources */ = {
			isa = PBXSourcesBuildPhase;
			buildActionMask = 2147483647;
			files = (
				CEBCDDBE208FC6F70036FE29 /* XonarCS43XXAudioEngine.cpp in Sources */,
				CEACF40D2083177100D01190 /* XonarD2XAudioEngine.cpp in Sources */,
				CEACF4072082F67D00D01190 /* XonarHDAVAudioEngine.cpp in Sources */,
				CE235FA2207DBA0600AF3203 /* PCIAudioDevice.cpp in Sources */,
				CEBCDDC4208FE0540036FE29 /* XonarWM87x6AudioEngine.cpp in Sources */,
				CE44242F207FF99000158F35 /* XonarAudioEngine.cpp in Sources */,
				CEACF3FC20829E4F00D01190 /* XonarSTAudioEngine.cpp in Sources */,
				CE5601B2208ECB6E001A5D0D /* XonarGenericAudioEngine.cpp in Sources */,
			);
			runOnlyForDeploymentPostprocessing = 0;
		};
/* End PBXSourcesBuildPhase section */

/* Begin XCBuildConfiguration section */
		CE235FA4207DBA0600AF3203 /* Debug */ = {
			isa = XCBuildConfiguration;
			buildSettings = {
				ALWAYS_SEARCH_USER_PATHS = YES;
				ARCHS = "$(ARCHS_STANDARD)";
				CLANG_CXX_LANGUAGE_STANDARD = "compiler-default";
				CLANG_CXX_LIBRARY = "compiler-default";
				CLANG_ENABLE_MODULES = NO;
				CLANG_ENABLE_OBJC_ARC = NO;
				CLANG_WARN_BLOCK_CAPTURE_AUTORELEASING = NO;
				CLANG_WARN_BOOL_CONVERSION = NO;
				CLANG_WARN_COMMA = YES;
				CLANG_WARN_CONSTANT_CONVERSION = NO;
				CLANG_WARN_DEPRECATED_OBJC_IMPLEMENTATIONS = YES;
				CLANG_WARN_DIRECT_OBJC_ISA_USAGE = YES_ERROR;
				CLANG_WARN_EMPTY_BODY = NO;
				CLANG_WARN_ENUM_CONVERSION = NO;
				CLANG_WARN_INFINITE_RECURSION = YES;
				CLANG_WARN_INT_CONVERSION = YES;
				CLANG_WARN_NON_LITERAL_NULL_CONVERSION = YES;
				CLANG_WARN_OBJC_IMPLICIT_RETAIN_SELF = YES;
				CLANG_WARN_OBJC_LITERAL_CONVERSION = YES;
				CLANG_WARN_OBJC_ROOT_CLASS = YES_ERROR;
				CLANG_WARN_RANGE_LOOP_ANALYSIS = YES;
				CLANG_WARN_STRICT_PROTOTYPES = YES;
				CLANG_WARN_SUSPICIOUS_MOVE = YES;
				CLANG_WARN_UNREACHABLE_CODE = YES;
				CLANG_WARN__DUPLICATE_METHOD_MATCH = YES;
				CODE_SIGN_IDENTITY = "-";
				COPY_PHASE_STRIP = NO;
				DEBUG_INFORMATION_FORMAT = "dwarf-with-dsym";
				ENABLE_NS_ASSERTIONS = YES;
				ENABLE_STRICT_OBJC_MSGSEND = NO;
				ENABLE_TESTABILITY = YES;
				GCC_C_LANGUAGE_STANDARD = "compiler-default";
				GCC_DYNAMIC_NO_PIC = NO;
				GCC_ENABLE_CPP_RTTI = YES;
				GCC_ENABLE_FLOATING_POINT_LIBRARY_CALLS = NO;
				GCC_ENABLE_KERNEL_DEVELOPMENT = NO;
				GCC_INPUT_FILETYPE = automatic;
				GCC_NO_COMMON_BLOCKS = NO;
				GCC_OPTIMIZATION_LEVEL = s;
				GCC_PREPROCESSOR_DEFINITIONS = (
					"DEBUG=1",
					"$(inherited)",
				);
				GCC_WARN_64_TO_32_BIT_CONVERSION = NO;
				GCC_WARN_ABOUT_RETURN_TYPE = YES_ERROR;
				GCC_WARN_UNDECLARED_SELECTOR = NO;
				GCC_WARN_UNINITIALIZED_AUTOS = NO;
				GCC_WARN_UNUSED_FUNCTION = YES;
				GCC_WARN_UNUSED_VARIABLE = NO;
				GENERATE_MASTER_OBJECT_FILE = NO;
				LD_NO_PIE = NO;
				MACH_O_TYPE = mh_execute;
				MACOSX_DEPLOYMENT_TARGET = 10.10;
				MTL_ENABLE_DEBUG_INFO = YES;
				ONLY_ACTIVE_ARCH = NO;
				OTHER_CFLAGS = "";
				OTHER_LDFLAGS = "";
				OTHER_LIBTOOLFLAGS = "";
				PRECOMPS_INCLUDE_HEADERS_FROM_BUILT_PRODUCTS_DIR = YES;
				PRELINK_FLAGS = "";
				PRELINK_LIBS = "";
				SCAN_ALL_SOURCE_FILES_FOR_INCLUDES = NO;
				SDKROOT = macosx;
				STRIP_STYLE = all;
				VALIDATE_PRODUCT = NO;
			};
			name = Debug;
		};
		CE235FA5207DBA0600AF3203 /* Release */ = {
			isa = XCBuildConfiguration;
			buildSettings = {
				ALWAYS_SEARCH_USER_PATHS = YES;
				ARCHS = "$(ARCHS_STANDARD)";
				CLANG_CXX_LANGUAGE_STANDARD = "compiler-default";
				CLANG_CXX_LIBRARY = "compiler-default";
				CLANG_ENABLE_MODULES = NO;
				CLANG_ENABLE_OBJC_ARC = NO;
				CLANG_WARN_BLOCK_CAPTURE_AUTORELEASING = NO;
				CLANG_WARN_BOOL_CONVERSION = NO;
				CLANG_WARN_COMMA = YES;
				CLANG_WARN_CONSTANT_CONVERSION = NO;
				CLANG_WARN_DEPRECATED_OBJC_IMPLEMENTATIONS = YES;
				CLANG_WARN_DIRECT_OBJC_ISA_USAGE = YES_ERROR;
				CLANG_WARN_EMPTY_BODY = NO;
				CLANG_WARN_ENUM_CONVERSION = NO;
				CLANG_WARN_INFINITE_RECURSION = YES;
				CLANG_WARN_INT_CONVERSION = YES;
				CLANG_WARN_NON_LITERAL_NULL_CONVERSION = YES;
				CLANG_WARN_OBJC_IMPLICIT_RETAIN_SELF = YES;
				CLANG_WARN_OBJC_LITERAL_CONVERSION = YES;
				CLANG_WARN_OBJC_ROOT_CLASS = YES_ERROR;
				CLANG_WARN_RANGE_LOOP_ANALYSIS = YES;
				CLANG_WARN_STRICT_PROTOTYPES = YES;
				CLANG_WARN_SUSPICIOUS_MOVE = YES;
				CLANG_WARN_UNREACHABLE_CODE = YES;
				CLANG_WARN__DUPLICATE_METHOD_MATCH = YES;
				CODE_SIGN_IDENTITY = "-";
				COPY_PHASE_STRIP = NO;
				DEBUG_INFORMATION_FORMAT = "dwarf-with-dsym";
				ENABLE_NS_ASSERTIONS = YES;
				ENABLE_STRICT_OBJC_MSGSEND = NO;
				ENABLE_TESTABILITY = YES;
				GCC_C_LANGUAGE_STANDARD = "compiler-default";
				GCC_DYNAMIC_NO_PIC = NO;
				GCC_ENABLE_CPP_RTTI = YES;
				GCC_ENABLE_FLOATING_POINT_LIBRARY_CALLS = NO;
				GCC_ENABLE_KERNEL_DEVELOPMENT = NO;
				GCC_INPUT_FILETYPE = automatic;
				GCC_NO_COMMON_BLOCKS = NO;
				GCC_OPTIMIZATION_LEVEL = s;
				GCC_WARN_64_TO_32_BIT_CONVERSION = NO;
				GCC_WARN_ABOUT_RETURN_TYPE = YES_ERROR;
				GCC_WARN_UNDECLARED_SELECTOR = NO;
				GCC_WARN_UNINITIALIZED_AUTOS = NO;
				GCC_WARN_UNUSED_FUNCTION = YES;
				GCC_WARN_UNUSED_VARIABLE = NO;
				GENERATE_MASTER_OBJECT_FILE = NO;
				LD_NO_PIE = NO;
				MACH_O_TYPE = mh_execute;
				MACOSX_DEPLOYMENT_TARGET = 10.10;
				MTL_ENABLE_DEBUG_INFO = NO;
				ONLY_ACTIVE_ARCH = NO;
				OTHER_CFLAGS = "";
				OTHER_LDFLAGS = "";
				OTHER_LIBTOOLFLAGS = "";
				PRECOMPS_INCLUDE_HEADERS_FROM_BUILT_PRODUCTS_DIR = YES;
				PRELINK_FLAGS = "";
				PRELINK_LIBS = "";
				SCAN_ALL_SOURCE_FILES_FOR_INCLUDES = NO;
				SDKROOT = macosx;
				STRIP_STYLE = all;
				VALIDATE_PRODUCT = NO;
			};
			name = Release;
		};
		CE235FA7207DBA0600AF3203 /* Debug */ = {
			isa = XCBuildConfiguration;
			buildSettings = {
				ALWAYS_SEARCH_USER_PATHS = NO;
				CLANG_ALLOW_NON_MODULAR_INCLUDES_IN_FRAMEWORK_MODULES = NO;
				CLANG_CXX_LANGUAGE_STANDARD = "compiler-default";
				CLANG_CXX_LIBRARY = "compiler-default";
				CLANG_WARN_OBJC_IMPLICIT_ATOMIC_PROPERTIES = NO;
				CODE_SIGN_IDENTITY = "-";
				COMBINE_HIDPI_IMAGES = YES;
				COPY_HEADERS_RUN_UNIFDEF = YES;
				CURRENT_PROJECT_VERSION = 1.0.0d1;
				DEBUG_INFORMATION_FORMAT = dwarf;
				DEVELOPMENT_TEAM = 7C2JP6CU5D;
				ENABLE_TESTABILITY = YES;
				GCC_C_LANGUAGE_STANDARD = "compiler-default";
				GCC_ENABLE_CPP_RTTI = YES;
				GCC_INPUT_FILETYPE = automatic;
				GCC_PREPROCESSOR_DEFINITIONS = "DEBUG=1";
				GCC_THREADSAFE_STATICS = YES;
				GCC_USE_STANDARD_INCLUDE_SEARCHING = YES;
				GENERATE_MASTER_OBJECT_FILE = YES;
				HEADER_SEARCH_PATHS = /usr/include;
				INFOPLIST_FILE = CMI8788/Info.plist;
				INFOPLIST_PREPROCESS = NO;
				KEEP_PRIVATE_EXTERNS = YES;
				LD_NO_PIE = NO;
				LD_QUOTE_LINKER_ARGUMENTS_FOR_COMPILER_DRIVER = YES;
				LIBRARY_SEARCH_PATHS = (
					"$(inherited)",
					"$(SDKROOT)/usr/lib/system",
					"$(SDKROOT)/usr/lib/system/introspection",
				);
				LINK_WITH_STANDARD_LIBRARIES = YES;
				MACH_O_TYPE = mh_execute;
				MACOSX_DEPLOYMENT_TARGET = 10.9;
				MODULE_NAME = PCIAudioDriver;
				MODULE_VERSION = 1.0.0d1;
				MTL_ENABLE_DEBUG_INFO = YES;
				ONLY_ACTIVE_ARCH = NO;
				OTHER_CFLAGS = "";
				OTHER_LDFLAGS = "";
				PRECOMPS_INCLUDE_HEADERS_FROM_BUILT_PRODUCTS_DIR = YES;
				PRODUCT_BUNDLE_IDENTIFIER = com.CMedia.CMI8788.PCIAudioDriver;
				PRODUCT_NAME = PCIAudioDriver;
				PROVISIONING_PROFILE = "";
				PUBLIC_HEADERS_FOLDER_PATH = "$(KEXT_FRAMEWORK)/Contents/Headers/$(KEXT_FAMILY_NAME)";
				SCAN_ALL_SOURCE_FILES_FOR_INCLUDES = YES;
				SDKROOT = macosx;
				STRIP_INSTALLED_PRODUCT = NO;
				SYSTEM_HEADER_SEARCH_PATHS = "";
				USER_HEADER_SEARCH_PATHS = "";
				USE_HEADERMAP = NO;
				WRAPPER_EXTENSION = kext;
			};
			name = Debug;
		};
		CE235FA8207DBA0600AF3203 /* Release */ = {
			isa = XCBuildConfiguration;
			buildSettings = {
				ALWAYS_SEARCH_USER_PATHS = NO;
				CLANG_ALLOW_NON_MODULAR_INCLUDES_IN_FRAMEWORK_MODULES = NO;
				CLANG_CXX_LANGUAGE_STANDARD = "compiler-default";
				CLANG_CXX_LIBRARY = "compiler-default";
				CLANG_WARN_OBJC_IMPLICIT_ATOMIC_PROPERTIES = NO;
				CODE_SIGN_IDENTITY = "-";
				COMBINE_HIDPI_IMAGES = YES;
				COPY_HEADERS_RUN_UNIFDEF = YES;
				CURRENT_PROJECT_VERSION = 1.0.0d1;
				DEVELOPMENT_TEAM = 7C2JP6CU5D;
				ENABLE_TESTABILITY = YES;
				GCC_C_LANGUAGE_STANDARD = "compiler-default";
				GCC_ENABLE_CPP_RTTI = YES;
				GCC_INPUT_FILETYPE = automatic;
				GCC_PREPROCESSOR_DEFINITIONS = "DEBUG=1";
				GCC_THREADSAFE_STATICS = YES;
				GCC_USE_STANDARD_INCLUDE_SEARCHING = YES;
				GENERATE_MASTER_OBJECT_FILE = YES;
				HEADER_SEARCH_PATHS = /usr/include;
				INFOPLIST_FILE = CMI8788/Info.plist;
				INFOPLIST_PREPROCESS = NO;
				KEEP_PRIVATE_EXTERNS = YES;
				LD_NO_PIE = NO;
				LD_QUOTE_LINKER_ARGUMENTS_FOR_COMPILER_DRIVER = YES;
				LIBRARY_SEARCH_PATHS = (
					"$(inherited)",
					"$(SDKROOT)/usr/lib/system",
					"$(SDKROOT)/usr/lib/system/introspection",
				);
				LINK_WITH_STANDARD_LIBRARIES = YES;
				MACH_O_TYPE = mh_execute;
				MACOSX_DEPLOYMENT_TARGET = 10.9;
				MODULE_NAME = PCIAudioDriver;
				MODULE_VERSION = 1.0.0d1;
				ONLY_ACTIVE_ARCH = NO;
				OTHER_CFLAGS = "";
				OTHER_LDFLAGS = "";
				PRECOMPS_INCLUDE_HEADERS_FROM_BUILT_PRODUCTS_DIR = YES;
				PRODUCT_BUNDLE_IDENTIFIER = com.CMedia.CMI8788.PCIAudioDriver;
				PRODUCT_NAME = PCIAudioDriver;
				PROVISIONING_PROFILE = "";
				PUBLIC_HEADERS_FOLDER_PATH = "$(KEXT_FRAMEWORK)/Contents/Headers/$(KEXT_FAMILY_NAME)";
				SCAN_ALL_SOURCE_FILES_FOR_INCLUDES = YES;
				SDKROOT = macosx;
				STRIP_INSTALLED_PRODUCT = NO;
				SYSTEM_HEADER_SEARCH_PATHS = "";
				USER_HEADER_SEARCH_PATHS = "";
				USE_HEADERMAP = NO;
				WRAPPER_EXTENSION = kext;
			};
			name = Release;
		};
/* End XCBuildConfiguration section */

/* Begin XCConfigurationList section */
		CE235F96207DBA0600AF3203 /* Build configuration list for PBXProject "PCIAudioDriver" */ = {
			isa = XCConfigurationList;
			buildConfigurations = (
				CE235FA4207DBA0600AF3203 /* Debug */,
				CE235FA5207DBA0600AF3203 /* Release */,
			);
			defaultConfigurationIsVisible = 0;
			defaultConfigurationName = Debug;
		};
		CE235FA6207DBA0600AF3203 /* Build configuration list for PBXNativeTarget "PCIAudioDriver" */ = {
			isa = XCConfigurationList;
			buildConfigurations = (
				CE235FA7207DBA0600AF3203 /* Debug */,
				CE235FA8207DBA0600AF3203 /* Release */,
			);
			defaultConfigurationIsVisible = 0;
			defaultConfigurationName = Debug;
		};
/* End XCConfigurationList section */
	};
	rootObject = CE235F93207DBA0600AF3203 /* Project object */;
}
